// !$*UTF8*$!
{
	archiveVersion = 1;
	classes = {
	};
	objectVersion = 55;
	objects = {

/* Begin PBXBuildFile section */
		0A5583FA286759F300F09748 /* AppDelegate.swift in Sources */ = {isa = PBXBuildFile; fileRef = 0A5583F9286759F300F09748 /* AppDelegate.swift */; };
		0A5583FC286759F300F09748 /* SceneDelegate.swift in Sources */ = {isa = PBXBuildFile; fileRef = 0A5583FB286759F300F09748 /* SceneDelegate.swift */; };
		0A5583FE286759F300F09748 /* ViewController.swift in Sources */ = {isa = PBXBuildFile; fileRef = 0A5583FD286759F300F09748 /* ViewController.swift */; };
		0A558401286759F300F09748 /* Main.storyboard in Resources */ = {isa = PBXBuildFile; fileRef = 0A5583FF286759F300F09748 /* Main.storyboard */; };
		0A558403286759F600F09748 /* Assets.xcassets in Resources */ = {isa = PBXBuildFile; fileRef = 0A558402286759F600F09748 /* Assets.xcassets */; };
		0A558406286759F600F09748 /* LaunchScreen.storyboard in Resources */ = {isa = PBXBuildFile; fileRef = 0A558404286759F600F09748 /* LaunchScreen.storyboard */; };
		0A558411286759F600F09748 /* GithubConnectTestTests.swift in Sources */ = {isa = PBXBuildFile; fileRef = 0A558410286759F600F09748 /* GithubConnectTestTests.swift */; };
		0A55841B286759F600F09748 /* GithubConnectTestUITests.swift in Sources */ = {isa = PBXBuildFile; fileRef = 0A55841A286759F600F09748 /* GithubConnectTestUITests.swift */; };
		0A55841D286759F600F09748 /* GithubConnectTestUITestsLaunchTests.swift in Sources */ = {isa = PBXBuildFile; fileRef = 0A55841C286759F600F09748 /* GithubConnectTestUITestsLaunchTests.swift */; };
		0A55842A28707AFD00F09748 /* SecondViewController.swift in Sources */ = {isa = PBXBuildFile; fileRef = 0A55842928707AFD00F09748 /* SecondViewController.swift */; };
		0A55842C2870FAA900F09748 /* ThirdViewController.swift in Sources */ = {isa = PBXBuildFile; fileRef = 0A55842B2870FAA900F09748 /* ThirdViewController.swift */; };
/* End PBXBuildFile section */

/* Begin PBXContainerItemProxy section */
		0A55840D286759F600F09748 /* PBXContainerItemProxy */ = {
			isa = PBXContainerItemProxy;
			containerPortal = 0A5583EE286759F300F09748 /* Project object */;
			proxyType = 1;
			remoteGlobalIDString = 0A5583F5286759F300F09748;
			remoteInfo = GithubConnectTest;
		};
		0A558417286759F600F09748 /* PBXContainerItemProxy */ = {
			isa = PBXContainerItemProxy;
			containerPortal = 0A5583EE286759F300F09748 /* Project object */;
			proxyType = 1;
			remoteGlobalIDString = 0A5583F5286759F300F09748;
			remoteInfo = GithubConnectTest;
		};
/* End PBXContainerItemProxy section */

/* Begin PBXFileReference section */
		0A5583F6286759F300F09748 /* GithubConnectTest.app */ = {isa = PBXFileReference; explicitFileType = wrapper.application; includeInIndex = 0; path = GithubConnectTest.app; sourceTree = BUILT_PRODUCTS_DIR; };
		0A5583F9286759F300F09748 /* AppDelegate.swift */ = {isa = PBXFileReference; lastKnownFileType = sourcecode.swift; path = AppDelegate.swift; sourceTree = "<group>"; };
		0A5583FB286759F300F09748 /* SceneDelegate.swift */ = {isa = PBXFileReference; lastKnownFileType = sourcecode.swift; path = SceneDelegate.swift; sourceTree = "<group>"; };
		0A5583FD286759F300F09748 /* ViewController.swift */ = {isa = PBXFileReference; lastKnownFileType = sourcecode.swift; path = ViewController.swift; sourceTree = "<group>"; };
		0A558400286759F300F09748 /* Base */ = {isa = PBXFileReference; lastKnownFileType = file.storyboard; name = Base; path = Base.lproj/Main.storyboard; sourceTree = "<group>"; };
		0A558402286759F600F09748 /* Assets.xcassets */ = {isa = PBXFileReference; lastKnownFileType = folder.assetcatalog; path = Assets.xcassets; sourceTree = "<group>"; };
		0A558405286759F600F09748 /* Base */ = {isa = PBXFileReference; lastKnownFileType = file.storyboard; name = Base; path = Base.lproj/LaunchScreen.storyboard; sourceTree = "<group>"; };
		0A558407286759F600F09748 /* Info.plist */ = {isa = PBXFileReference; lastKnownFileType = text.plist.xml; path = Info.plist; sourceTree = "<group>"; };
		0A55840C286759F600F09748 /* GithubConnectTestTests.xctest */ = {isa = PBXFileReference; explicitFileType = wrapper.cfbundle; includeInIndex = 0; path = GithubConnectTestTests.xctest; sourceTree = BUILT_PRODUCTS_DIR; };
		0A558410286759F600F09748 /* GithubConnectTestTests.swift */ = {isa = PBXFileReference; lastKnownFileType = sourcecode.swift; path = GithubConnectTestTests.swift; sourceTree = "<group>"; };
		0A558416286759F600F09748 /* GithubConnectTestUITests.xctest */ = {isa = PBXFileReference; explicitFileType = wrapper.cfbundle; includeInIndex = 0; path = GithubConnectTestUITests.xctest; sourceTree = BUILT_PRODUCTS_DIR; };
		0A55841A286759F600F09748 /* GithubConnectTestUITests.swift */ = {isa = PBXFileReference; lastKnownFileType = sourcecode.swift; path = GithubConnectTestUITests.swift; sourceTree = "<group>"; };
		0A55841C286759F600F09748 /* GithubConnectTestUITestsLaunchTests.swift */ = {isa = PBXFileReference; lastKnownFileType = sourcecode.swift; path = GithubConnectTestUITestsLaunchTests.swift; sourceTree = "<group>"; };
		0A55842928707AFD00F09748 /* SecondViewController.swift */ = {isa = PBXFileReference; lastKnownFileType = sourcecode.swift; path = SecondViewController.swift; sourceTree = "<group>"; };
		0A55842B2870FAA900F09748 /* ThirdViewController.swift */ = {isa = PBXFileReference; lastKnownFileType = sourcecode.swift; path = ThirdViewController.swift; sourceTree = "<group>"; };
/* End PBXFileReference section */

/* Begin PBXFrameworksBuildPhase section */
		0A5583F3286759F300F09748 /* Frameworks */ = {
			isa = PBXFrameworksBuildPhase;
			buildActionMask = 2147483647;
			files = (
			);
			runOnlyForDeploymentPostprocessing = 0;
		};
		0A558409286759F600F09748 /* Frameworks */ = {
			isa = PBXFrameworksBuildPhase;
			buildActionMask = 2147483647;
			files = (
			);
			runOnlyForDeploymentPostprocessing = 0;
		};
		0A558413286759F600F09748 /* Frameworks */ = {
			isa = PBXFrameworksBuildPhase;
			buildActionMask = 2147483647;
			files = (
			);
			runOnlyForDeploymentPostprocessing = 0;
		};
/* End PBXFrameworksBuildPhase section */

/* Begin PBXGroup section */
		0A5583ED286759F300F09748 = {
			isa = PBXGroup;
			children = (
				0A5583F8286759F300F09748 /* GithubConnectTest */,
				0A55840F286759F600F09748 /* GithubConnectTestTests */,
				0A558419286759F600F09748 /* GithubConnectTestUITests */,
				0A5583F7286759F300F09748 /* Products */,
			);
			sourceTree = "<group>";
		};
		0A5583F7286759F300F09748 /* Products */ = {
			isa = PBXGroup;
			children = (
				0A5583F6286759F300F09748 /* GithubConnectTest.app */,
				0A55840C286759F600F09748 /* GithubConnectTestTests.xctest */,
				0A558416286759F600F09748 /* GithubConnectTestUITests.xctest */,
			);
			name = Products;
			sourceTree = "<group>";
		};
		0A5583F8286759F300F09748 /* GithubConnectTest */ = {
			isa = PBXGroup;
			children = (
				0A5583F9286759F300F09748 /* AppDelegate.swift */,
				0A5583FB286759F300F09748 /* SceneDelegate.swift */,
				0A5583FD286759F300F09748 /* ViewController.swift */,
				0A5583FF286759F300F09748 /* Main.storyboard */,
				0A558402286759F600F09748 /* Assets.xcassets */,
				0A558404286759F600F09748 /* LaunchScreen.storyboard */,
				0A558407286759F600F09748 /* Info.plist */,
				0A55842928707AFD00F09748 /* SecondViewController.swift */,
				0A55842B2870FAA900F09748 /* ThirdViewController.swift */,
			);
			path = GithubConnectTest;
			sourceTree = "<group>";
		};
		0A55840F286759F600F09748 /* GithubConnectTestTests */ = {
			isa = PBXGroup;
			children = (
				0A558410286759F600F09748 /* GithubConnectTestTests.swift */,
			);
			path = GithubConnectTestTests;
			sourceTree = "<group>";
		};
		0A558419286759F600F09748 /* GithubConnectTestUITests */ = {
			isa = PBXGroup;
			children = (
				0A55841A286759F600F09748 /* GithubConnectTestUITests.swift */,
				0A55841C286759F600F09748 /* GithubConnectTestUITestsLaunchTests.swift */,
			);
			path = GithubConnectTestUITests;
			sourceTree = "<group>";
		};
/* End PBXGroup section */

/* Begin PBXNativeTarget section */
		0A5583F5286759F300F09748 /* GithubConnectTest */ = {
			isa = PBXNativeTarget;
			buildConfigurationList = 0A558420286759F600F09748 /* Build configuration list for PBXNativeTarget "GithubConnectTest" */;
			buildPhases = (
				0A5583F2286759F300F09748 /* Sources */,
				0A5583F3286759F300F09748 /* Frameworks */,
				0A5583F4286759F300F09748 /* Resources */,
			);
			buildRules = (
			);
			dependencies = (
			);
			name = GithubConnectTest;
			productName = GithubConnectTest;
			productReference = 0A5583F6286759F300F09748 /* GithubConnectTest.app */;
			productType = "com.apple.product-type.application";
		};
		0A55840B286759F600F09748 /* GithubConnectTestTests */ = {
			isa = PBXNativeTarget;
			buildConfigurationList = 0A558423286759F600F09748 /* Build configuration list for PBXNativeTarget "GithubConnectTestTests" */;
			buildPhases = (
				0A558408286759F600F09748 /* Sources */,
				0A558409286759F600F09748 /* Frameworks */,
				0A55840A286759F600F09748 /* Resources */,
			);
			buildRules = (
			);
			dependencies = (
				0A55840E286759F600F09748 /* PBXTargetDependency */,
			);
			name = GithubConnectTestTests;
			productName = GithubConnectTestTests;
			productReference = 0A55840C286759F600F09748 /* GithubConnectTestTests.xctest */;
			productType = "com.apple.product-type.bundle.unit-test";
		};
		0A558415286759F600F09748 /* GithubConnectTestUITests */ = {
			isa = PBXNativeTarget;
			buildConfigurationList = 0A558426286759F600F09748 /* Build configuration list for PBXNativeTarget "GithubConnectTestUITests" */;
			buildPhases = (
				0A558412286759F600F09748 /* Sources */,
				0A558413286759F600F09748 /* Frameworks */,
				0A558414286759F600F09748 /* Resources */,
			);
			buildRules = (
			);
			dependencies = (
				0A558418286759F600F09748 /* PBXTargetDependency */,
			);
			name = GithubConnectTestUITests;
			productName = GithubConnectTestUITests;
			productReference = 0A558416286759F600F09748 /* GithubConnectTestUITests.xctest */;
			productType = "com.apple.product-type.bundle.ui-testing";
		};
/* End PBXNativeTarget section */

/* Begin PBXProject section */
		0A5583EE286759F300F09748 /* Project object */ = {
			isa = PBXProject;
			attributes = {
				BuildIndependentTargetsInParallel = 1;
				LastSwiftUpdateCheck = 1340;
				LastUpgradeCheck = 1340;
				TargetAttributes = {
					0A5583F5286759F300F09748 = {
						CreatedOnToolsVersion = 13.4.1;
					};
					0A55840B286759F600F09748 = {
						CreatedOnToolsVersion = 13.4.1;
						TestTargetID = 0A5583F5286759F300F09748;
					};
					0A558415286759F600F09748 = {
						CreatedOnToolsVersion = 13.4.1;
						TestTargetID = 0A5583F5286759F300F09748;
					};
				};
			};
			buildConfigurationList = 0A5583F1286759F300F09748 /* Build configuration list for PBXProject "GithubConnectTest" */;
			compatibilityVersion = "Xcode 13.0";
			developmentRegion = en;
			hasScannedForEncodings = 0;
			knownRegions = (
				en,
				Base,
			);
			mainGroup = 0A5583ED286759F300F09748;
			productRefGroup = 0A5583F7286759F300F09748 /* Products */;
			projectDirPath = "";
			projectRoot = "";
			targets = (
				0A5583F5286759F300F09748 /* GithubConnectTest */,
				0A55840B286759F600F09748 /* GithubConnectTestTests */,
				0A558415286759F600F09748 /* GithubConnectTestUITests */,
			);
		};
/* End PBXProject section */

/* Begin PBXResourcesBuildPhase section */
		0A5583F4286759F300F09748 /* Resources */ = {
			isa = PBXResourcesBuildPhase;
			buildActionMask = 2147483647;
			files = (
				0A558406286759F600F09748 /* LaunchScreen.storyboard in Resources */,
				0A558403286759F600F09748 /* Assets.xcassets in Resources */,
				0A558401286759F300F09748 /* Main.storyboard in Resources */,
			);
			runOnlyForDeploymentPostprocessing = 0;
		};
		0A55840A286759F600F09748 /* Resources */ = {
			isa = PBXResourcesBuildPhase;
			buildActionMask = 2147483647;
			files = (
			);
			runOnlyForDeploymentPostprocessing = 0;
		};
		0A558414286759F600F09748 /* Resources */ = {
			isa = PBXResourcesBuildPhase;
			buildActionMask = 2147483647;
			files = (
			);
			runOnlyForDeploymentPostprocessing = 0;
		};
/* End PBXResourcesBuildPhase section */

/* Begin PBXSourcesBuildPhase section */
		0A5583F2286759F300F09748 /* Sources */ = {
			isa = PBXSourcesBuildPhase;
			buildActionMask = 2147483647;
			files = (
				0A55842A28707AFD00F09748 /* SecondViewController.swift in Sources */,
				0A5583FE286759F300F09748 /* ViewController.swift in Sources */,
				0A55842C2870FAA900F09748 /* ThirdViewController.swift in Sources */,
				0A5583FA286759F300F09748 /* AppDelegate.swift in Sources */,
				0A5583FC286759F300F09748 /* SceneDelegate.swift in Sources */,
			);
			runOnlyForDeploymentPostprocessing = 0;
		};
		0A558408286759F600F09748 /* Sources */ = {
			isa = PBXSourcesBuildPhase;
			buildActionMask = 2147483647;
			files = (
				0A558411286759F600F09748 /* GithubConnectTestTests.swift in Sources */,
			);
			runOnlyForDeploymentPostprocessing = 0;
		};
		0A558412286759F600F09748 /* Sources */ = {
			isa = PBXSourcesBuildPhase;
			buildActionMask = 2147483647;
			files = (
				0A55841D286759F600F09748 /* GithubConnectTestUITestsLaunchTests.swift in Sources */,
				0A55841B286759F600F09748 /* GithubConnectTestUITests.swift in Sources */,
			);
			runOnlyForDeploymentPostprocessing = 0;
		};
/* End PBXSourcesBuildPhase section */

/* Begin PBXTargetDependency section */
		0A55840E286759F600F09748 /* PBXTargetDependency */ = {
			isa = PBXTargetDependency;
			target = 0A5583F5286759F300F09748 /* GithubConnectTest */;
			targetProxy = 0A55840D286759F600F09748 /* PBXContainerItemProxy */;
		};
		0A558418286759F600F09748 /* PBXTargetDependency */ = {
			isa = PBXTargetDependency;
			target = 0A5583F5286759F300F09748 /* GithubConnectTest */;
			targetProxy = 0A558417286759F600F09748 /* PBXContainerItemProxy */;
		};
/* End PBXTargetDependency section */

/* Begin PBXVariantGroup section */
		0A5583FF286759F300F09748 /* Main.storyboard */ = {
			isa = PBXVariantGroup;
			children = (
				0A558400286759F300F09748 /* Base */,
			);
			name = Main.storyboard;
			sourceTree = "<group>";
		};
		0A558404286759F600F09748 /* LaunchScreen.storyboard */ = {
			isa = PBXVariantGroup;
			children = (
				0A558405286759F600F09748 /* Base */,
			);
			name = LaunchScreen.storyboard;
			sourceTree = "<group>";
		};
/* End PBXVariantGroup section */

/* Begin XCBuildConfiguration section */
		0A55841E286759F600F09748 /* Debug */ = {
			isa = XCBuildConfiguration;
			buildSettings = {
				ALWAYS_SEARCH_USER_PATHS = NO;
				CLANG_ANALYZER_NONNULL = YES;
				CLANG_ANALYZER_NUMBER_OBJECT_CONVERSION = YES_AGGRESSIVE;
				CLANG_CXX_LANGUAGE_STANDARD = "gnu++17";
				CLANG_ENABLE_MODULES = YES;
				CLANG_ENABLE_OBJC_ARC = YES;
				CLANG_ENABLE_OBJC_WEAK = YES;
				CLANG_WARN_BLOCK_CAPTURE_AUTORELEASING = YES;
				CLANG_WARN_BOOL_CONVERSION = YES;
				CLANG_WARN_COMMA = YES;
				CLANG_WARN_CONSTANT_CONVERSION = YES;
				CLANG_WARN_DEPRECATED_OBJC_IMPLEMENTATIONS = YES;
				CLANG_WARN_DIRECT_OBJC_ISA_USAGE = YES_ERROR;
				CLANG_WARN_DOCUMENTATION_COMMENTS = YES;
				CLANG_WARN_EMPTY_BODY = YES;
				CLANG_WARN_ENUM_CONVERSION = YES;
				CLANG_WARN_INFINITE_RECURSION = YES;
				CLANG_WARN_INT_CONVERSION = YES;
				CLANG_WARN_NON_LITERAL_NULL_CONVERSION = YES;
				CLANG_WARN_OBJC_IMPLICIT_RETAIN_SELF = YES;
				CLANG_WARN_OBJC_LITERAL_CONVERSION = YES;
				CLANG_WARN_OBJC_ROOT_CLASS = YES_ERROR;
				CLANG_WARN_QUOTED_INCLUDE_IN_FRAMEWORK_HEADER = YES;
				CLANG_WARN_RANGE_LOOP_ANALYSIS = YES;
				CLANG_WARN_STRICT_PROTOTYPES = YES;
				CLANG_WARN_SUSPICIOUS_MOVE = YES;
				CLANG_WARN_UNGUARDED_AVAILABILITY = YES_AGGRESSIVE;
				CLANG_WARN_UNREACHABLE_CODE = YES;
				CLANG_WARN__DUPLICATE_METHOD_MATCH = YES;
				COPY_PHASE_STRIP = NO;
				DEBUG_INFORMATION_FORMAT = dwarf;
				ENABLE_STRICT_OBJC_MSGSEND = YES;
				ENABLE_TESTABILITY = YES;
				GCC_C_LANGUAGE_STANDARD = gnu11;
				GCC_DYNAMIC_NO_PIC = NO;
				GCC_NO_COMMON_BLOCKS = YES;
				GCC_OPTIMIZATION_LEVEL = 0;
				GCC_PREPROCESSOR_DEFINITIONS = (
					"DEBUG=1",
					"$(inherited)",
				);
				GCC_WARN_64_TO_32_BIT_CONVERSION = YES;
				GCC_WARN_ABOUT_RETURN_TYPE = YES_ERROR;
				GCC_WARN_UNDECLARED_SELECTOR = YES;
				GCC_WARN_UNINITIALIZED_AUTOS = YES_AGGRESSIVE;
				GCC_WARN_UNUSED_FUNCTION = YES;
				GCC_WARN_UNUSED_VARIABLE = YES;
				IPHONEOS_DEPLOYMENT_TARGET = 15.5;
				MTL_ENABLE_DEBUG_INFO = INCLUDE_SOURCE;
				MTL_FAST_MATH = YES;
				ONLY_ACTIVE_ARCH = YES;
				SDKROOT = iphoneos;
				SWIFT_ACTIVE_COMPILATION_CONDITIONS = DEBUG;
				SWIFT_OPTIMIZATION_LEVEL = "-Onone";
			};
			name = Debug;
		};
		0A55841F286759F600F09748 /* Release */ = {
			isa = XCBuildConfiguration;
			buildSettings = {
				ALWAYS_SEARCH_USER_PATHS = NO;
				CLANG_ANALYZER_NONNULL = YES;
				CLANG_ANALYZER_NUMBER_OBJECT_CONVERSION = YES_AGGRESSIVE;
				CLANG_CXX_LANGUAGE_STANDARD = "gnu++17";
				CLANG_ENABLE_MODULES = YES;
				CLANG_ENABLE_OBJC_ARC = YES;
				CLANG_ENABLE_OBJC_WEAK = YES;
				CLANG_WARN_BLOCK_CAPTURE_AUTORELEASING = YES;
				CLANG_WARN_BOOL_CONVERSION = YES;
				CLANG_WARN_COMMA = YES;
				CLANG_WARN_CONSTANT_CONVERSION = YES;
				CLANG_WARN_DEPRECATED_OBJC_IMPLEMENTATIONS = YES;
				CLANG_WARN_DIRECT_OBJC_ISA_USAGE = YES_ERROR;
				CLANG_WARN_DOCUMENTATION_COMMENTS = YES;
				CLANG_WARN_EMPTY_BODY = YES;
				CLANG_WARN_ENUM_CONVERSION = YES;
				CLANG_WARN_INFINITE_RECURSION = YES;
				CLANG_WARN_INT_CONVERSION = YES;
				CLANG_WARN_NON_LITERAL_NULL_CONVERSION = YES;
				CLANG_WARN_OBJC_IMPLICIT_RETAIN_SELF = YES;
				CLANG_WARN_OBJC_LITERAL_CONVERSION = YES;
				CLANG_WARN_OBJC_ROOT_CLASS = YES_ERROR;
				CLANG_WARN_QUOTED_INCLUDE_IN_FRAMEWORK_HEADER = YES;
				CLANG_WARN_RANGE_LOOP_ANALYSIS = YES;
				CLANG_WARN_STRICT_PROTOTYPES = YES;
				CLANG_WARN_SUSPICIOUS_MOVE = YES;
				CLANG_WARN_UNGUARDED_AVAILABILITY = YES_AGGRESSIVE;
				CLANG_WARN_UNREACHABLE_CODE = YES;
				CLANG_WARN__DUPLICATE_METHOD_MATCH = YES;
				COPY_PHASE_STRIP = NO;
				DEBUG_INFORMATION_FORMAT = "dwarf-with-dsym";
				ENABLE_NS_ASSERTIONS = NO;
				ENABLE_STRICT_OBJC_MSGSEND = YES;
				GCC_C_LANGUAGE_STANDARD = gnu11;
				GCC_NO_COMMON_BLOCKS = YES;
				GCC_WARN_64_TO_32_BIT_CONVERSION = YES;
				GCC_WARN_ABOUT_RETURN_TYPE = YES_ERROR;
				GCC_WARN_UNDECLARED_SELECTOR = YES;
				GCC_WARN_UNINITIALIZED_AUTOS = YES_AGGRESSIVE;
				GCC_WARN_UNUSED_FUNCTION = YES;
				GCC_WARN_UNUSED_VARIABLE = YES;
				IPHONEOS_DEPLOYMENT_TARGET = 15.5;
				MTL_ENABLE_DEBUG_INFO = NO;
				MTL_FAST_MATH = YES;
				SDKROOT = iphoneos;
				SWIFT_COMPILATION_MODE = wholemodule;
				SWIFT_OPTIMIZATION_LEVEL = "-O";
				VALIDATE_PRODUCT = YES;
			};
			name = Release;
		};
		0A558421286759F600F09748 /* Debug */ = {
			isa = XCBuildConfiguration;
			buildSettings = {
				ASSETCATALOG_COMPILER_APPICON_NAME = AppIcon;
				ASSETCATALOG_COMPILER_GLOBAL_ACCENT_COLOR_NAME = AccentColor;
				CODE_SIGN_STYLE = Automatic;
				CURRENT_PROJECT_VERSION = 1;
				GENERATE_INFOPLIST_FILE = YES;
				INFOPLIST_FILE = GithubConnectTest/Info.plist;
				INFOPLIST_KEY_UIApplicationSupportsIndirectInputEvents = YES;
				INFOPLIST_KEY_UILaunchStoryboardName = LaunchScreen;
				INFOPLIST_KEY_UIMainStoryboardFile = Main;
				INFOPLIST_KEY_UISupportedInterfaceOrientations_iPad = "UIInterfaceOrientationPortrait UIInterfaceOrientationPortraitUpsideDown UIInterfaceOrientationLandscapeLeft UIInterfaceOrientationLandscapeRight";
				INFOPLIST_KEY_UISupportedInterfaceOrientations_iPhone = "UIInterfaceOrientationPortrait UIInterfaceOrientationLandscapeLeft UIInterfaceOrientationLandscapeRight";
				LD_RUNPATH_SEARCH_PATHS = (
					"$(inherited)",
					"@executable_path/Frameworks",
				);
				MARKETING_VERSION = 1.0;
				PRODUCT_BUNDLE_IDENTIFIER = info.GithubConnectTest;
				PRODUCT_NAME = "$(TARGET_NAME)";
				SWIFT_EMIT_LOC_STRINGS = YES;
				SWIFT_VERSION = 5.0;
				TARGETED_DEVICE_FAMILY = "1,2";
			};
			name = Debug;
		};
		0A558422286759F600F09748 /* Release */ = {
			isa = XCBuildConfiguration;
			buildSettings = {
				ASSETCATALOG_COMPILER_APPICON_NAME = AppIcon;
				ASSETCATALOG_COMPILER_GLOBAL_ACCENT_COLOR_NAME = AccentColor;
				CODE_SIGN_STYLE = Automatic;
				CURRENT_PROJECT_VERSION = 1;
				GENERATE_INFOPLIST_FILE = YES;
				INFOPLIST_FILE = GithubConnectTest/Info.plist;
				INFOPLIST_KEY_UIApplicationSupportsIndirectInputEvents = YES;
				INFOPLIST_KEY_UILaunchStoryboardName = LaunchScreen;
				INFOPLIST_KEY_UIMainStoryboardFile = Main;
				INFOPLIST_KEY_UISupportedInterfaceOrientations_iPad = "UIInterfaceOrientationPortrait UIInterfaceOrientationPortraitUpsideDown UIInterfaceOrientationLandscapeLeft UIInterfaceOrientationLandscapeRight";
				INFOPLIST_KEY_UISupportedInterfaceOrientations_iPhone = "UIInterfaceOrientationPortrait UIInterfaceOrientationLandscapeLeft UIInterfaceOrientationLandscapeRight";
				LD_RUNPATH_SEARCH_PATHS = (
					"$(inherited)",
					"@executable_path/Frameworks",
				);
				MARKETING_VERSION = 1.0;
				PRODUCT_BUNDLE_IDENTIFIER = info.GithubConnectTest;
				PRODUCT_NAME = "$(TARGET_NAME)";
				SWIFT_EMIT_LOC_STRINGS = YES;
				SWIFT_VERSION = 5.0;
				TARGETED_DEVICE_FAMILY = "1,2";
			};
			name = Release;
		};
		0A558424286759F600F09748 /* Debug */ = {
			isa = XCBuildConfiguration;
			buildSettings = {
				ALWAYS_EMBED_SWIFT_STANDARD_LIBRARIES = YES;
				BUNDLE_LOADER = "$(TEST_HOST)";
				CODE_SIGN_STYLE = Automatic;
				CURRENT_PROJECT_VERSION = 1;
				GENERATE_INFOPLIST_FILE = YES;
				IPHONEOS_DEPLOYMENT_TARGET = 15.5;
				MARKETING_VERSION = 1.0;
				PRODUCT_BUNDLE_IDENTIFIER = info.GithubConnectTestTests;
				PRODUCT_NAME = "$(TARGET_NAME)";
				SWIFT_EMIT_LOC_STRINGS = NO;
				SWIFT_VERSION = 5.0;
				TARGETED_DEVICE_FAMILY = "1,2";
				TEST_HOST = "$(BUILT_PRODUCTS_DIR)/GithubConnectTest.app/GithubConnectTest";
			};
			name = Debug;
		};
		0A558425286759F600F09748 /* Release */ = {
			isa = XCBuildConfiguration;
			buildSettings = {
				ALWAYS_EMBED_SWIFT_STANDARD_LIBRARIES = YES;
				BUNDLE_LOADER = "$(TEST_HOST)";
				CODE_SIGN_STYLE = Automatic;
				CURRENT_PROJECT_VERSION = 1;
				GENERATE_INFOPLIST_FILE = YES;
				IPHONEOS_DEPLOYMENT_TARGET = 15.5;
				MARKETING_VERSION = 1.0;
				PRODUCT_BUNDLE_IDENTIFIER = info.GithubConnectTestTests;
				PRODUCT_NAME = "$(TARGET_NAME)";
				SWIFT_EMIT_LOC_STRINGS = NO;
				SWIFT_VERSION = 5.0;
				TARGETED_DEVICE_FAMILY = "1,2";
				TEST_HOST = "$(BUILT_PRODUCTS_DIR)/GithubConnectTest.app/GithubConnectTest";
			};
			name = Release;
		};
		0A558427286759F600F09748 /* Debug */ = {
			isa = XCBuildConfiguration;
			buildSettings = {
				ALWAYS_EMBED_SWIFT_STANDARD_LIBRARIES = YES;
				CODE_SIGN_STYLE = Automatic;
				CURRENT_PROJECT_VERSION = 1;
				GENERATE_INFOPLIST_FILE = YES;
				MARKETING_VERSION = 1.0;
				PRODUCT_BUNDLE_IDENTIFIER = info.GithubConnectTestUITests;
				PRODUCT_NAME = "$(TARGET_NAME)";
				SWIFT_EMIT_LOC_STRINGS = NO;
				SWIFT_VERSION = 5.0;
				TARGETED_DEVICE_FAMILY = "1,2";
				TEST_TARGET_NAME = GithubConnectTest;
			};
			name = Debug;
		};
		0A558428286759F600F09748 /* Release */ = {
			isa = XCBuildConfiguration;
			buildSettings = {
				ALWAYS_EMBED_SWIFT_STANDARD_LIBRARIES = YES;
				CODE_SIGN_STYLE = Automatic;
				CURRENT_PROJECT_VERSION = 1;
				GENERATE_INFOPLIST_FILE = YES;
				MARKETING_VERSION = 1.0;
				PRODUCT_BUNDLE_IDENTIFIER = info.GithubConnectTestUITests;
				PRODUCT_NAME = "$(TARGET_NAME)";
				SWIFT_EMIT_LOC_STRINGS = NO;
				SWIFT_VERSION = 5.0;
				TARGETED_DEVICE_FAMILY = "1,2";
				TEST_TARGET_NAME = GithubConnectTest;
			};
			name = Release;
		};
/* End XCBuildConfiguration section */

/* Begin XCConfigurationList section */
		0A5583F1286759F300F09748 /* Build configuration list for PBXProject "GithubConnectTest" */ = {
			isa = XCConfigurationList;
			buildConfigurations = (
				0A55841E286759F600F09748 /* Debug */,
				0A55841F286759F600F09748 /* Release */,
			);
			defaultConfigurationIsVisible = 0;
			defaultConfigurationName = Release;
		};
		0A558420286759F600F09748 /* Build configuration list for PBXNativeTarget "GithubConnectTest" */ = {
			isa = XCConfigurationList;
			buildConfigurations = (
				0A558421286759F600F09748 /* Debug */,
				0A558422286759F600F09748 /* Release */,
			);
			defaultConfigurationIsVisible = 0;
			defaultConfigurationName = Release;
		};
		0A558423286759F600F09748 /* Build configuration list for PBXNativeTarget "GithubConnectTestTests" */ = {
			isa = XCConfigurationList;
			buildConfigurations = (
				0A558424286759F600F09748 /* Debug */,
				0A558425286759F600F09748 /* Release */,
			);
			defaultConfigurationIsVisible = 0;
			defaultConfigurationName = Release;
		};
		0A558426286759F600F09748 /* Build configuration list for PBXNativeTarget "GithubConnectTestUITests" */ = {
			isa = XCConfigurationList;
			buildConfigurations = (
				0A558427286759F600F09748 /* Debug */,
				0A558428286759F600F09748 /* Release */,
			);
			defaultConfigurationIsVisible = 0;
			defaultConfigurationName = Release;
		};
/* End XCConfigurationList section */
	};
	rootObject = 0A5583EE286759F300F09748 /* Project object */;
}
